// !$*UTF8*$!
{
	archiveVersion = 1;
	classes = {
	};
	objectVersion = 45;
	objects = {

/* Begin PBXBuildFile section */
		2F7446990DB6B7EA00F9684A /* MainMenu.xib in Resources */ = {isa = PBXBuildFile; fileRef = 2F7446970DB6B7EA00F9684A /* MainMenu.xib */; };
		42112E5A10B6E5F100B19CC0 /* FolderView.xib in Resources */ = {isa = PBXBuildFile; fileRef = 42112E5910B6E5F100B19CC0 /* FolderView.xib */; };
		424209B810CFB98E00DB9F3F /* SenTestingKit.framework in Frameworks */ = {isa = PBXBuildFile; fileRef = 424209B610CFB96D00DB9F3F /* SenTestingKit.framework */; };
		424209B910CFB99800DB9F3F /* templateTestCases.m in Sources */ = {isa = PBXBuildFile; fileRef = 42262EC9109C818B005E4997 /* templateTestCases.m */; };
		4263A72410D1179D00C5FD7B /* SimpleListControllerTestCases.m in Sources */ = {isa = PBXBuildFile; fileRef = 4263A72310D1179D00C5FD7B /* SimpleListControllerTestCases.m */; };
		4263AABE10D1495200C5FD7B /* TaskValueTransformer.m in Sources */ = {isa = PBXBuildFile; fileRef = 4263AABD10D1495200C5FD7B /* TaskValueTransformer.m */; };
		6F22C18E10CBFEF600ABFE19 /* FolderSourceListView.xib in Resources */ = {isa = PBXBuildFile; fileRef = 6F22C18C10CBFEF600ABFE19 /* FolderSourceListView.xib */; };
		6F22C1BA10CC01DD00ABFE19 /* SidebarFolderTreeView.m in Sources */ = {isa = PBXBuildFile; fileRef = 6F22C1B410CC01DD00ABFE19 /* SidebarFolderTreeView.m */; };
		6F22C1BB10CC01DD00ABFE19 /* SidebarBadgeCell.m in Sources */ = {isa = PBXBuildFile; fileRef = 6F22C1B510CC01DD00ABFE19 /* SidebarBadgeCell.m */; };
		6F22C1E710CC044100ABFE19 /* SidebarFolderController.m in Sources */ = {isa = PBXBuildFile; fileRef = 6F22C1E510CC044100ABFE19 /* SidebarFolderController.m */; };
		6F22C29E10CC1A2A00ABFE19 /* SidebarFolderNode.m in Sources */ = {isa = PBXBuildFile; fileRef = 6F22C29D10CC1A2A00ABFE19 /* SidebarFolderNode.m */; };
		6F2E521B10B01F7B005B118B /* GTDListView.m in Sources */ = {isa = PBXBuildFile; fileRef = 6F2E521910B01F7B005B118B /* GTDListView.m */; };
		6FAEAF3710BD66C0006F5394 /* PrioritySplitViewDelegate.m in Sources */ = {isa = PBXBuildFile; fileRef = 6FAEAF3610BD66C0006F5394 /* PrioritySplitViewDelegate.m */; };
		6FAF89DB10BD621800478F02 /* BWToolkitFramework.framework in Frameworks */ = {isa = PBXBuildFile; fileRef = 6FAF89D910BD621800478F02 /* BWToolkitFramework.framework */; settings = {ATTRIBUTES = (Required, ); }; };
		6FAF8A1710BD627F00478F02 /* BWToolkitFramework.framework in CopyFiles */ = {isa = PBXBuildFile; fileRef = 6FAF89D910BD621800478F02 /* BWToolkitFramework.framework */; };
		6FB162DB10AD8CF200961A94 /* SimpleListView.xib in Resources */ = {isa = PBXBuildFile; fileRef = 6FB162D910AD8CF200961A94 /* SimpleListView.xib */; };
		6FB8A94210B0143F00B0F240 /* GTDListController.m in Sources */ = {isa = PBXBuildFile; fileRef = 6FB8A94110B0143F00B0F240 /* GTDListController.m */; };
		6FB8A94610B0194E00B0F240 /* GTDListView.xib in Resources */ = {isa = PBXBuildFile; fileRef = 6FB8A94510B0194E00B0F240 /* GTDListView.xib */; };
		6FCE287010B6FE42002355CF /* TestDataGeneratorController.m in Sources */ = {isa = PBXBuildFile; fileRef = 6FCE286F10B6FE42002355CF /* TestDataGeneratorController.m */; };
		6FCE287310B6FE53002355CF /* TestDataGenerator.xib in Resources */ = {isa = PBXBuildFile; fileRef = 6FCE287210B6FE53002355CF /* TestDataGenerator.xib */; };
		77C8280E06725ACE000B614F /* WellDone_AppDelegate.m in Sources */ = {isa = PBXBuildFile; fileRef = 77C8280C06725ACE000B614F /* WellDone_AppDelegate.m */; };
		8D11072B0486CEB800E47090 /* InfoPlist.strings in Resources */ = {isa = PBXBuildFile; fileRef = 089C165CFE840E0CC02AAC07 /* InfoPlist.strings */; };
		8D11072D0486CEB800E47090 /* main.m in Sources */ = {isa = PBXBuildFile; fileRef = 29B97316FDCFA39411CA2CEA /* main.m */; settings = {ATTRIBUTES = (); }; };
		8D11072F0486CEB800E47090 /* Cocoa.framework in Frameworks */ = {isa = PBXBuildFile; fileRef = 1058C7A1FEA54F0111CA2CBB /* Cocoa.framework */; };
		B41BE2AB10B2FFC000B288EE /* SimpleListController.m in Sources */ = {isa = PBXBuildFile; fileRef = B41BE2AA10B2FFC000B288EE /* SimpleListController.m */; };
		B4317EBC10B1544900C9841F /* SidebarTask.xib in Resources */ = {isa = PBXBuildFile; fileRef = B4317EBB10B1544900C9841F /* SidebarTask.xib */; };
		B4317EDA10B163F900C9841F /* SidebarTaskController.m in Sources */ = {isa = PBXBuildFile; fileRef = B4317ED910B163F900C9841F /* SidebarTaskController.m */; };
		B4A9746610A78E2D00B06BBC /* WellDone.xcdatamodel in Sources */ = {isa = PBXBuildFile; fileRef = B4A9746510A78E2D00B06BBC /* WellDone.xcdatamodel */; };
		B4E873FF10BAA52D004E1BA0 /* SimpleListOutlineView.m in Sources */ = {isa = PBXBuildFile; fileRef = B4E873FE10BAA52D004E1BA0 /* SimpleListOutlineView.m */; };
		D110F46A10B8D72300304B4C /* TagManagement.xib in Resources */ = {isa = PBXBuildFile; fileRef = D110F46910B8D72300304B4C /* TagManagement.xib */; };
		D110F47110B8D92600304B4C /* TagManagementController.m in Sources */ = {isa = PBXBuildFile; fileRef = D110F47010B8D92600304B4C /* TagManagementController.m */; };
		D110F48510B8DA6800304B4C /* ContextManagement.xib in Resources */ = {isa = PBXBuildFile; fileRef = D110F48410B8DA6800304B4C /* ContextManagement.xib */; };
		D110F48C10B8DBDB00304B4C /* ContextManagementController.m in Sources */ = {isa = PBXBuildFile; fileRef = D110F48B10B8DBDB00304B4C /* ContextManagementController.m */; };
		D164971C10D2E17B00DEB20A /* DateCell.m in Sources */ = {isa = PBXBuildFile; fileRef = D164971B10D2E17B00DEB20A /* DateCell.m */; };
		D1ED7EFF10B090020065D79B /* TaskEditor.xib in Resources */ = {isa = PBXBuildFile; fileRef = D1ED7EFE10B090020065D79B /* TaskEditor.xib */; };
		D1F2E93110B8A3EC009D4B4B /* FolderManagement.xib in Resources */ = {isa = PBXBuildFile; fileRef = D1F2E93010B8A3EC009D4B4B /* FolderManagement.xib */; };
		D1F2E93910B8A838009D4B4B /* FolderManagementController.m in Sources */ = {isa = PBXBuildFile; fileRef = D1F2E93810B8A838009D4B4B /* FolderManagementController.m */; };
		FA48B62710D3DADF0032F1D8 /* SyncController.m in Sources */ = {isa = PBXBuildFile; fileRef = FA48B62610D3DADF0032F1D8 /* SyncController.m */; };
		FA48B62E10D3DEDC0032F1D8 /* SyncService.m in Sources */ = {isa = PBXBuildFile; fileRef = FA48B62D10D3DEDC0032F1D8 /* SyncService.m */; };
		FA48B86210D4139E0032F1D8 /* syncservice.toodledo-objc.png in Resources */ = {isa = PBXBuildFile; fileRef = FA48B86110D4139E0032F1D8 /* syncservice.toodledo-objc.png */; };
		FA649C2210C30E700051F758 /* libToodledoAPIMac.a in Frameworks */ = {isa = PBXBuildFile; fileRef = FA649BF510C30D790051F758 /* libToodledoAPIMac.a */; };
		FA90D40410C4124D00309192 /* Folder.m in Sources */ = {isa = PBXBuildFile; fileRef = FA90D3F110C4124D00309192 /* Folder.m */; };
		FA90D40510C4124D00309192 /* Note.m in Sources */ = {isa = PBXBuildFile; fileRef = FA90D3F310C4124D00309192 /* Note.m */; };
		FA90D40610C4124D00309192 /* Tag.m in Sources */ = {isa = PBXBuildFile; fileRef = FA90D3F510C4124D00309192 /* Tag.m */; };
		FA90D40710C4124D00309192 /* Task.m in Sources */ = {isa = PBXBuildFile; fileRef = FA90D3F710C4124D00309192 /* Task.m */; };
		FA90D40810C4124D00309192 /* RemoteContext.m in Sources */ = {isa = PBXBuildFile; fileRef = FA90D3F910C4124D00309192 /* RemoteContext.m */; };
		FA90D40910C4124D00309192 /* RemoteTask.m in Sources */ = {isa = PBXBuildFile; fileRef = FA90D3FB10C4124D00309192 /* RemoteTask.m */; };
		FA90D40B10C4124D00309192 /* RemoteNote.m in Sources */ = {isa = PBXBuildFile; fileRef = FA90D3FF10C4124D00309192 /* RemoteNote.m */; };
		FA90D40C10C4124D00309192 /* RemoteFolder.m in Sources */ = {isa = PBXBuildFile; fileRef = FA90D40110C4124D00309192 /* RemoteFolder.m */; };
		FA90D40D10C4124D00309192 /* Context.m in Sources */ = {isa = PBXBuildFile; fileRef = FA90D40310C4124D00309192 /* Context.m */; };
		FA90D4A410C41E8400309192 /* RemoteObject.m in Sources */ = {isa = PBXBuildFile; fileRef = FA90D4A310C41E8400309192 /* RemoteObject.m */; };
		FABE3F9510C1A33E000D72E9 /* SyncManager.m in Sources */ = {isa = PBXBuildFile; fileRef = FABE3F9410C1A33E000D72E9 /* SyncManager.m */; };
		FACF444C10D2EB5700B0237A /* SS_PrefsController.m in Sources */ = {isa = PBXBuildFile; fileRef = FACF444B10D2EB5700B0237A /* SS_PrefsController.m */; };
		FACF445210D2EC9300B0237A /* SyncPreferences.xib in Resources */ = {isa = PBXBuildFile; fileRef = FACF445110D2EC9300B0237A /* SyncPreferences.xib */; };
		FACF445610D2ED0900B0237A /* SyncPreferences.m in Sources */ = {isa = PBXBuildFile; fileRef = FACF445510D2ED0900B0237A /* SyncPreferences.m */; };
/* End PBXBuildFile section */

/* Begin PBXContainerItemProxy section */
		FA56E42210E51BC500228C43 /* PBXContainerItemProxy */ = {
			isa = PBXContainerItemProxy;
			containerPortal = FABE3FE410C1A869000D72E9 /* ToodledoAPI.xcodeproj */;
			proxyType = 2;
			remoteGlobalIDString = CF04581710E2F5C400DED3CF;
			remoteInfo = libToodledoAPIiPhone;
		};
		FA649BF410C30D790051F758 /* PBXContainerItemProxy */ = {
			isa = PBXContainerItemProxy;
			containerPortal = FABE3FE410C1A869000D72E9 /* ToodledoAPI.xcodeproj */;
			proxyType = 2;
			remoteGlobalIDString = FA649BBA10C30B250051F758;
			remoteInfo = libToodledoAPIMac;
		};
		FA649C2710C30E7F0051F758 /* PBXContainerItemProxy */ = {
			isa = PBXContainerItemProxy;
			containerPortal = FABE3FE410C1A869000D72E9 /* ToodledoAPI.xcodeproj */;
			proxyType = 1;
			remoteGlobalIDString = FA649B9610C30B250051F758;
			remoteInfo = libToodledoAPIMac;
		};
		FABE3FE910C1A869000D72E9 /* PBXContainerItemProxy */ = {
			isa = PBXContainerItemProxy;
			containerPortal = FABE3FE410C1A869000D72E9 /* ToodledoAPI.xcodeproj */;
			proxyType = 2;
			remoteGlobalIDString = FAF874B31096478600C4C137;
			remoteInfo = libToodledoAPI;
		};
		FABE3FEB10C1A869000D72E9 /* PBXContainerItemProxy */ = {
			isa = PBXContainerItemProxy;
			containerPortal = FABE3FE410C1A869000D72E9 /* ToodledoAPI.xcodeproj */;
			proxyType = 2;
			remoteGlobalIDString = FAA9E6ED10A88C7C001925AB;
			remoteInfo = UnitTests;
		};
/* End PBXContainerItemProxy section */

/* Begin PBXCopyFilesBuildPhase section */
		6FAF89A310BD60F400478F02 /* CopyFiles */ = {
			isa = PBXCopyFilesBuildPhase;
			buildActionMask = 2147483647;
			dstPath = "";
			dstSubfolderSpec = 10;
			files = (
				6FAF8A1710BD627F00478F02 /* BWToolkitFramework.framework in CopyFiles */,
			);
			runOnlyForDeploymentPostprocessing = 0;
		};
/* End PBXCopyFilesBuildPhase section */

/* Begin PBXFileReference section */
		089C165DFE840E0CC02AAC07 /* English */ = {isa = PBXFileReference; fileEncoding = 10; lastKnownFileType = text.plist.strings; name = English; path = English.lproj/InfoPlist.strings; sourceTree = "<group>"; };
		1058C7A1FEA54F0111CA2CBB /* Cocoa.framework */ = {isa = PBXFileReference; lastKnownFileType = wrapper.framework; name = Cocoa.framework; path = /System/Library/Frameworks/Cocoa.framework; sourceTree = "<absolute>"; };
		29B97316FDCFA39411CA2CEA /* main.m */ = {isa = PBXFileReference; fileEncoding = 4; lastKnownFileType = sourcecode.c.objc; path = main.m; sourceTree = "<group>"; };
		29B97324FDCFA39411CA2CEA /* AppKit.framework */ = {isa = PBXFileReference; lastKnownFileType = wrapper.framework; name = AppKit.framework; path = /System/Library/Frameworks/AppKit.framework; sourceTree = "<absolute>"; };
		29B97325FDCFA39411CA2CEA /* Foundation.framework */ = {isa = PBXFileReference; lastKnownFileType = wrapper.framework; name = Foundation.framework; path = /System/Library/Frameworks/Foundation.framework; sourceTree = "<absolute>"; };
		2F7446980DB6B7EA00F9684A /* English */ = {isa = PBXFileReference; lastKnownFileType = file.xib; name = English; path = English.lproj/MainMenu.xib; sourceTree = "<group>"; };
		32CA4F630368D1EE00C91783 /* WellDone_Prefix.pch */ = {isa = PBXFileReference; fileEncoding = 4; lastKnownFileType = sourcecode.c.h; path = WellDone_Prefix.pch; sourceTree = "<group>"; };
		42112E5910B6E5F100B19CC0 /* FolderView.xib */ = {isa = PBXFileReference; lastKnownFileType = file.xib; path = FolderView.xib; sourceTree = "<group>"; };
		42262EB5109C8049005E4997 /* UnitTests-Info.plist */ = {isa = PBXFileReference; lastKnownFileType = text.plist.xml; path = "UnitTests-Info.plist"; sourceTree = "<group>"; };
		42262EC8109C818B005E4997 /* templateTestCases.h */ = {isa = PBXFileReference; fileEncoding = 4; lastKnownFileType = sourcecode.c.h; path = templateTestCases.h; sourceTree = "<group>"; };
		42262EC9109C818B005E4997 /* templateTestCases.m */ = {isa = PBXFileReference; fileEncoding = 4; lastKnownFileType = sourcecode.c.objc; path = templateTestCases.m; sourceTree = "<group>"; };
		4242098910CFB7A000DB9F3F /* UnitTestCases.octest */ = {isa = PBXFileReference; explicitFileType = wrapper.cfbundle; includeInIndex = 0; path = UnitTestCases.octest; sourceTree = BUILT_PRODUCTS_DIR; };
		4242098A10CFB7A000DB9F3F /* UnitTestCases-Info.plist */ = {isa = PBXFileReference; lastKnownFileType = text.plist.xml; path = "UnitTestCases-Info.plist"; sourceTree = "<group>"; };
		424209B610CFB96D00DB9F3F /* SenTestingKit.framework */ = {isa = PBXFileReference; lastKnownFileType = wrapper.framework; name = SenTestingKit.framework; path = Library/Frameworks/SenTestingKit.framework; sourceTree = DEVELOPER_DIR; };
		4263A72310D1179D00C5FD7B /* SimpleListControllerTestCases.m */ = {isa = PBXFileReference; fileEncoding = 4; lastKnownFileType = sourcecode.c.objc; path = SimpleListControllerTestCases.m; sourceTree = "<group>"; };
		4263AABC10D1495200C5FD7B /* TaskValueTransformer.h */ = {isa = PBXFileReference; fileEncoding = 4; lastKnownFileType = sourcecode.c.h; path = TaskValueTransformer.h; sourceTree = "<group>"; };
		4263AABD10D1495200C5FD7B /* TaskValueTransformer.m */ = {isa = PBXFileReference; fileEncoding = 4; lastKnownFileType = sourcecode.c.objc; path = TaskValueTransformer.m; sourceTree = "<group>"; };
		6F22C18C10CBFEF600ABFE19 /* FolderSourceListView.xib */ = {isa = PBXFileReference; lastKnownFileType = file.xib; path = FolderSourceListView.xib; sourceTree = "<group>"; };
		6F22C1B410CC01DD00ABFE19 /* SidebarFolderTreeView.m */ = {isa = PBXFileReference; fileEncoding = 4; lastKnownFileType = sourcecode.c.objc; path = SidebarFolderTreeView.m; sourceTree = "<group>"; };
		6F22C1B510CC01DD00ABFE19 /* SidebarBadgeCell.m */ = {isa = PBXFileReference; fileEncoding = 4; lastKnownFileType = sourcecode.c.objc; path = SidebarBadgeCell.m; sourceTree = "<group>"; };
		6F22C1B710CC01DD00ABFE19 /* SidebarBadgeCell.h */ = {isa = PBXFileReference; fileEncoding = 4; lastKnownFileType = sourcecode.c.h; path = SidebarBadgeCell.h; sourceTree = "<group>"; };
		6F22C1B810CC01DD00ABFE19 /* SidebarFolderNode.h */ = {isa = PBXFileReference; fileEncoding = 4; lastKnownFileType = sourcecode.c.h; path = SidebarFolderNode.h; sourceTree = "<group>"; };
		6F22C1B910CC01DD00ABFE19 /* SidebarFolderTreeView.h */ = {isa = PBXFileReference; fileEncoding = 4; lastKnownFileType = sourcecode.c.h; path = SidebarFolderTreeView.h; sourceTree = "<group>"; };
		6F22C1E410CC044100ABFE19 /* SidebarFolderController.h */ = {isa = PBXFileReference; fileEncoding = 4; lastKnownFileType = sourcecode.c.h; path = SidebarFolderController.h; sourceTree = "<group>"; };
		6F22C1E510CC044100ABFE19 /* SidebarFolderController.m */ = {isa = PBXFileReference; fileEncoding = 4; lastKnownFileType = sourcecode.c.objc; path = SidebarFolderController.m; sourceTree = "<group>"; };
		6F22C29D10CC1A2A00ABFE19 /* SidebarFolderNode.m */ = {isa = PBXFileReference; fileEncoding = 4; lastKnownFileType = sourcecode.c.objc; path = SidebarFolderNode.m; sourceTree = "<group>"; };
		6F2E521810B01F7B005B118B /* GTDListView.h */ = {isa = PBXFileReference; fileEncoding = 4; lastKnownFileType = sourcecode.c.h; path = GTDListView.h; sourceTree = "<group>"; };
		6F2E521910B01F7B005B118B /* GTDListView.m */ = {isa = PBXFileReference; fileEncoding = 4; lastKnownFileType = sourcecode.c.objc; path = GTDListView.m; sourceTree = "<group>"; };
		6FAEAF3510BD66C0006F5394 /* PrioritySplitViewDelegate.h */ = {isa = PBXFileReference; fileEncoding = 4; lastKnownFileType = sourcecode.c.h; path = PrioritySplitViewDelegate.h; sourceTree = "<group>"; };
		6FAEAF3610BD66C0006F5394 /* PrioritySplitViewDelegate.m */ = {isa = PBXFileReference; fileEncoding = 4; lastKnownFileType = sourcecode.c.objc; path = PrioritySplitViewDelegate.m; sourceTree = "<group>"; };
		6FAF89D910BD621800478F02 /* BWToolkitFramework.framework */ = {isa = PBXFileReference; lastKnownFileType = wrapper.framework; path = BWToolkitFramework.framework; sourceTree = "<group>"; };
		6FB162D910AD8CF200961A94 /* SimpleListView.xib */ = {isa = PBXFileReference; lastKnownFileType = file.xib; path = SimpleListView.xib; sourceTree = "<group>"; };
		6FB8A94010B0143F00B0F240 /* GTDListController.h */ = {isa = PBXFileReference; fileEncoding = 4; lastKnownFileType = sourcecode.c.h; path = GTDListController.h; sourceTree = "<group>"; };
		6FB8A94110B0143F00B0F240 /* GTDListController.m */ = {isa = PBXFileReference; fileEncoding = 4; lastKnownFileType = sourcecode.c.objc; path = GTDListController.m; sourceTree = "<group>"; };
		6FB8A94510B0194E00B0F240 /* GTDListView.xib */ = {isa = PBXFileReference; lastKnownFileType = file.xib; path = GTDListView.xib; sourceTree = "<group>"; };
		6FCE286E10B6FE42002355CF /* TestDataGeneratorController.h */ = {isa = PBXFileReference; fileEncoding = 4; lastKnownFileType = sourcecode.c.h; path = TestDataGeneratorController.h; sourceTree = "<group>"; };
		6FCE286F10B6FE42002355CF /* TestDataGeneratorController.m */ = {isa = PBXFileReference; fileEncoding = 4; lastKnownFileType = sourcecode.c.objc; path = TestDataGeneratorController.m; sourceTree = "<group>"; };
		6FCE287210B6FE53002355CF /* TestDataGenerator.xib */ = {isa = PBXFileReference; lastKnownFileType = file.xib; path = TestDataGenerator.xib; sourceTree = "<group>"; };
		77C82804067257F0000B614F /* CoreData.framework */ = {isa = PBXFileReference; lastKnownFileType = wrapper.framework; name = CoreData.framework; path = /System/Library/Frameworks/CoreData.framework; sourceTree = "<absolute>"; };
		77C8280B06725ACE000B614F /* WellDone_AppDelegate.h */ = {isa = PBXFileReference; fileEncoding = 4; lastKnownFileType = sourcecode.c.h; path = WellDone_AppDelegate.h; sourceTree = "<group>"; };
		77C8280C06725ACE000B614F /* WellDone_AppDelegate.m */ = {isa = PBXFileReference; fileEncoding = 4; lastKnownFileType = sourcecode.c.objc; path = WellDone_AppDelegate.m; sourceTree = "<group>"; };
		8D1107310486CEB800E47090 /* WellDone-Info.plist */ = {isa = PBXFileReference; explicitFileType = text.plist.xml; fileEncoding = 4; path = "WellDone-Info.plist"; sourceTree = "<group>"; };
		8D1107320486CEB800E47090 /* WellDone.app */ = {isa = PBXFileReference; explicitFileType = wrapper.application; includeInIndex = 0; path = WellDone.app; sourceTree = BUILT_PRODUCTS_DIR; };
		B41BE2A910B2FFC000B288EE /* SimpleListController.h */ = {isa = PBXFileReference; fileEncoding = 4; lastKnownFileType = sourcecode.c.h; path = SimpleListController.h; sourceTree = "<group>"; };
		B41BE2AA10B2FFC000B288EE /* SimpleListController.m */ = {isa = PBXFileReference; fileEncoding = 4; lastKnownFileType = sourcecode.c.objc; path = SimpleListController.m; sourceTree = "<group>"; };
		B4317EBB10B1544900C9841F /* SidebarTask.xib */ = {isa = PBXFileReference; lastKnownFileType = file.xib; path = SidebarTask.xib; sourceTree = "<group>"; };
		B4317ED810B163F900C9841F /* SidebarTaskController.h */ = {isa = PBXFileReference; fileEncoding = 4; lastKnownFileType = sourcecode.c.h; path = SidebarTaskController.h; sourceTree = "<group>"; };
		B4317ED910B163F900C9841F /* SidebarTaskController.m */ = {isa = PBXFileReference; fileEncoding = 4; lastKnownFileType = sourcecode.c.objc; path = SidebarTaskController.m; sourceTree = "<group>"; };
		B4A9746510A78E2D00B06BBC /* WellDone.xcdatamodel */ = {isa = PBXFileReference; fileEncoding = 4; lastKnownFileType = wrapper.xcdatamodel; path = WellDone.xcdatamodel; sourceTree = "<group>"; };
		B4E873FD10BAA52D004E1BA0 /* SimpleListOutlineView.h */ = {isa = PBXFileReference; fileEncoding = 4; lastKnownFileType = sourcecode.c.h; path = SimpleListOutlineView.h; sourceTree = "<group>"; };
		B4E873FE10BAA52D004E1BA0 /* SimpleListOutlineView.m */ = {isa = PBXFileReference; fileEncoding = 4; lastKnownFileType = sourcecode.c.objc; path = SimpleListOutlineView.m; sourceTree = "<group>"; };
		D110F46910B8D72300304B4C /* TagManagement.xib */ = {isa = PBXFileReference; lastKnownFileType = file.xib; path = TagManagement.xib; sourceTree = "<group>"; };
		D110F46F10B8D92600304B4C /* TagManagementController.h */ = {isa = PBXFileReference; fileEncoding = 4; lastKnownFileType = sourcecode.c.h; path = TagManagementController.h; sourceTree = "<group>"; };
		D110F47010B8D92600304B4C /* TagManagementController.m */ = {isa = PBXFileReference; fileEncoding = 4; lastKnownFileType = sourcecode.c.objc; path = TagManagementController.m; sourceTree = "<group>"; };
		D110F48410B8DA6800304B4C /* ContextManagement.xib */ = {isa = PBXFileReference; lastKnownFileType = file.xib; path = ContextManagement.xib; sourceTree = "<group>"; };
		D110F48A10B8DBDB00304B4C /* ContextManagementController.h */ = {isa = PBXFileReference; fileEncoding = 4; lastKnownFileType = sourcecode.c.h; path = ContextManagementController.h; sourceTree = "<group>"; };
		D110F48B10B8DBDB00304B4C /* ContextManagementController.m */ = {isa = PBXFileReference; fileEncoding = 4; lastKnownFileType = sourcecode.c.objc; path = ContextManagementController.m; sourceTree = "<group>"; };
		D164971A10D2E17B00DEB20A /* DateCell.h */ = {isa = PBXFileReference; fileEncoding = 4; lastKnownFileType = sourcecode.c.h; path = DateCell.h; sourceTree = "<group>"; };
		D164971B10D2E17B00DEB20A /* DateCell.m */ = {isa = PBXFileReference; fileEncoding = 4; lastKnownFileType = sourcecode.c.objc; path = DateCell.m; sourceTree = "<group>"; };
		D1ED7EFE10B090020065D79B /* TaskEditor.xib */ = {isa = PBXFileReference; lastKnownFileType = file.xib; path = TaskEditor.xib; sourceTree = "<group>"; };
		D1F2E93010B8A3EC009D4B4B /* FolderManagement.xib */ = {isa = PBXFileReference; lastKnownFileType = file.xib; path = FolderManagement.xib; sourceTree = "<group>"; };
		D1F2E93710B8A838009D4B4B /* FolderManagementController.h */ = {isa = PBXFileReference; fileEncoding = 4; lastKnownFileType = sourcecode.c.h; path = FolderManagementController.h; sourceTree = "<group>"; };
		D1F2E93810B8A838009D4B4B /* FolderManagementController.m */ = {isa = PBXFileReference; fileEncoding = 4; lastKnownFileType = sourcecode.c.objc; path = FolderManagementController.m; sourceTree = "<group>"; };
		FA48B62510D3DADF0032F1D8 /* SyncController.h */ = {isa = PBXFileReference; fileEncoding = 4; lastKnownFileType = sourcecode.c.h; path = SyncController.h; sourceTree = "<group>"; };
		FA48B62610D3DADF0032F1D8 /* SyncController.m */ = {isa = PBXFileReference; fileEncoding = 4; lastKnownFileType = sourcecode.c.objc; path = SyncController.m; sourceTree = "<group>"; };
		FA48B62C10D3DEDB0032F1D8 /* SyncService.h */ = {isa = PBXFileReference; fileEncoding = 4; lastKnownFileType = sourcecode.c.h; path = SyncService.h; sourceTree = "<group>"; };
		FA48B62D10D3DEDC0032F1D8 /* SyncService.m */ = {isa = PBXFileReference; fileEncoding = 4; lastKnownFileType = sourcecode.c.objc; path = SyncService.m; sourceTree = "<group>"; };
		FA48B86110D4139E0032F1D8 /* syncservice.toodledo-objc.png */ = {isa = PBXFileReference; lastKnownFileType = image.png; path = "syncservice.toodledo-objc.png"; sourceTree = "<group>"; };
		FA90D3F010C4124D00309192 /* Folder.h */ = {isa = PBXFileReference; fileEncoding = 4; lastKnownFileType = sourcecode.c.h; path = Folder.h; sourceTree = "<group>"; };
		FA90D3F110C4124D00309192 /* Folder.m */ = {isa = PBXFileReference; fileEncoding = 4; lastKnownFileType = sourcecode.c.objc; path = Folder.m; sourceTree = "<group>"; };
		FA90D3F210C4124D00309192 /* Note.h */ = {isa = PBXFileReference; fileEncoding = 4; lastKnownFileType = sourcecode.c.h; path = Note.h; sourceTree = "<group>"; };
		FA90D3F310C4124D00309192 /* Note.m */ = {isa = PBXFileReference; fileEncoding = 4; lastKnownFileType = sourcecode.c.objc; path = Note.m; sourceTree = "<group>"; };
		FA90D3F410C4124D00309192 /* Tag.h */ = {isa = PBXFileReference; fileEncoding = 4; lastKnownFileType = sourcecode.c.h; path = Tag.h; sourceTree = "<group>"; };
		FA90D3F510C4124D00309192 /* Tag.m */ = {isa = PBXFileReference; fileEncoding = 4; lastKnownFileType = sourcecode.c.objc; path = Tag.m; sourceTree = "<group>"; };
		FA90D3F610C4124D00309192 /* Task.h */ = {isa = PBXFileReference; fileEncoding = 4; lastKnownFileType = sourcecode.c.h; path = Task.h; sourceTree = "<group>"; };
		FA90D3F710C4124D00309192 /* Task.m */ = {isa = PBXFileReference; fileEncoding = 4; lastKnownFileType = sourcecode.c.objc; path = Task.m; sourceTree = "<group>"; };
		FA90D3F810C4124D00309192 /* RemoteContext.h */ = {isa = PBXFileReference; fileEncoding = 4; lastKnownFileType = sourcecode.c.h; path = RemoteContext.h; sourceTree = "<group>"; };
		FA90D3F910C4124D00309192 /* RemoteContext.m */ = {isa = PBXFileReference; fileEncoding = 4; lastKnownFileType = sourcecode.c.objc; path = RemoteContext.m; sourceTree = "<group>"; };
		FA90D3FA10C4124D00309192 /* RemoteTask.h */ = {isa = PBXFileReference; fileEncoding = 4; lastKnownFileType = sourcecode.c.h; path = RemoteTask.h; sourceTree = "<group>"; };
		FA90D3FB10C4124D00309192 /* RemoteTask.m */ = {isa = PBXFileReference; fileEncoding = 4; lastKnownFileType = sourcecode.c.objc; path = RemoteTask.m; sourceTree = "<group>"; };
		FA90D3FE10C4124D00309192 /* RemoteNote.h */ = {isa = PBXFileReference; fileEncoding = 4; lastKnownFileType = sourcecode.c.h; path = RemoteNote.h; sourceTree = "<group>"; };
		FA90D3FF10C4124D00309192 /* RemoteNote.m */ = {isa = PBXFileReference; fileEncoding = 4; lastKnownFileType = sourcecode.c.objc; path = RemoteNote.m; sourceTree = "<group>"; };
		FA90D40010C4124D00309192 /* RemoteFolder.h */ = {isa = PBXFileReference; fileEncoding = 4; lastKnownFileType = sourcecode.c.h; path = RemoteFolder.h; sourceTree = "<group>"; };
		FA90D40110C4124D00309192 /* RemoteFolder.m */ = {isa = PBXFileReference; fileEncoding = 4; lastKnownFileType = sourcecode.c.objc; path = RemoteFolder.m; sourceTree = "<group>"; };
		FA90D40210C4124D00309192 /* Context.h */ = {isa = PBXFileReference; fileEncoding = 4; lastKnownFileType = sourcecode.c.h; path = Context.h; sourceTree = "<group>"; };
		FA90D40310C4124D00309192 /* Context.m */ = {isa = PBXFileReference; fileEncoding = 4; lastKnownFileType = sourcecode.c.objc; path = Context.m; sourceTree = "<group>"; };
		FA90D4A210C41E8400309192 /* RemoteObject.h */ = {isa = PBXFileReference; fileEncoding = 4; lastKnownFileType = sourcecode.c.h; path = RemoteObject.h; sourceTree = "<group>"; };
		FA90D4A310C41E8400309192 /* RemoteObject.m */ = {isa = PBXFileReference; fileEncoding = 4; lastKnownFileType = sourcecode.c.objc; path = RemoteObject.m; sourceTree = "<group>"; };
		FABE3F9310C1A33E000D72E9 /* SyncManager.h */ = {isa = PBXFileReference; fileEncoding = 4; lastKnownFileType = sourcecode.c.h; path = SyncManager.h; sourceTree = "<group>"; };
		FABE3F9410C1A33E000D72E9 /* SyncManager.m */ = {isa = PBXFileReference; fileEncoding = 4; lastKnownFileType = sourcecode.c.objc; path = SyncManager.m; sourceTree = "<group>"; };
		FABE3FE410C1A869000D72E9 /* ToodledoAPI.xcodeproj */ = {isa = PBXFileReference; lastKnownFileType = "wrapper.pb-project"; name = ToodledoAPI.xcodeproj; path = "Extern/toodledo-objc/src/ToodledoAPI.xcodeproj"; sourceTree = "<group>"; };
		FACF444910D2EB5700B0237A /* SS_PreferencePaneProtocol.h */ = {isa = PBXFileReference; fileEncoding = 4; lastKnownFileType = sourcecode.c.h; path = SS_PreferencePaneProtocol.h; sourceTree = "<group>"; };
		FACF444A10D2EB5700B0237A /* SS_PrefsController.h */ = {isa = PBXFileReference; fileEncoding = 4; lastKnownFileType = sourcecode.c.h; path = SS_PrefsController.h; sourceTree = "<group>"; };
		FACF444B10D2EB5700B0237A /* SS_PrefsController.m */ = {isa = PBXFileReference; fileEncoding = 4; lastKnownFileType = sourcecode.c.objc; path = SS_PrefsController.m; sourceTree = "<group>"; };
		FACF445110D2EC9300B0237A /* SyncPreferences.xib */ = {isa = PBXFileReference; lastKnownFileType = file.xib; path = SyncPreferences.xib; sourceTree = "<group>"; };
		FACF445410D2ED0900B0237A /* SyncPreferences.h */ = {isa = PBXFileReference; fileEncoding = 4; lastKnownFileType = sourcecode.c.h; path = SyncPreferences.h; sourceTree = "<group>"; };
		FACF445510D2ED0900B0237A /* SyncPreferences.m */ = {isa = PBXFileReference; fileEncoding = 4; lastKnownFileType = sourcecode.c.objc; path = SyncPreferences.m; sourceTree = "<group>"; };
/* End PBXFileReference section */

/* Begin PBXFrameworksBuildPhase section */
		4242098610CFB7A000DB9F3F /* Frameworks */ = {
			isa = PBXFrameworksBuildPhase;
			buildActionMask = 2147483647;
			files = (
				424209B810CFB98E00DB9F3F /* SenTestingKit.framework in Frameworks */,
			);
			runOnlyForDeploymentPostprocessing = 0;
		};
		8D11072E0486CEB800E47090 /* Frameworks */ = {
			isa = PBXFrameworksBuildPhase;
			buildActionMask = 2147483647;
			files = (
				8D11072F0486CEB800E47090 /* Cocoa.framework in Frameworks */,
				6FAF89DB10BD621800478F02 /* BWToolkitFramework.framework in Frameworks */,
				FA649C2210C30E700051F758 /* libToodledoAPIMac.a in Frameworks */,
			);
			runOnlyForDeploymentPostprocessing = 0;
		};
/* End PBXFrameworksBuildPhase section */

/* Begin PBXGroup section */
		080E96DDFE201D6D7F000001 /* Classes */ = {
			isa = PBXGroup;
			children = (
				D164971910D2E16F00DEB20A /* Custom Cells */,
				77C8280B06725ACE000B614F /* WellDone_AppDelegate.h */,
				77C8280C06725ACE000B614F /* WellDone_AppDelegate.m */,
				6F5D249210AC588D002E9514 /* View Classes */,
				6F5D249110AC5873002E9514 /* ViewController Classes */,
				FABE3F9210C1A323000D72E9 /* Logic Classes */,
				FACF441C10D2EAD700B0237A /* Preferences Classes */,
				7756732906782D8800D1FEB8 /* Models */,
			);
			name = Classes;
			sourceTree = "<group>";
		};
		1058C7A0FEA54F0111CA2CBB /* Linked Frameworks */ = {
			isa = PBXGroup;
			children = (
				1058C7A1FEA54F0111CA2CBB /* Cocoa.framework */,
				424209B610CFB96D00DB9F3F /* SenTestingKit.framework */,
			);
			name = "Linked Frameworks";
			sourceTree = "<group>";
		};
		1058C7A2FEA54F0111CA2CBB /* Other Frameworks */ = {
			isa = PBXGroup;
			children = (
				6FAF89D910BD621800478F02 /* BWToolkitFramework.framework */,
				77C82804067257F0000B614F /* CoreData.framework */,
				29B97325FDCFA39411CA2CEA /* Foundation.framework */,
				29B97324FDCFA39411CA2CEA /* AppKit.framework */,
			);
			name = "Other Frameworks";
			sourceTree = "<group>";
		};
		19C28FACFE9D520D11CA2CBB /* Products */ = {
			isa = PBXGroup;
			children = (
				8D1107320486CEB800E47090 /* WellDone.app */,
				4242098910CFB7A000DB9F3F /* UnitTestCases.octest */,
			);
			name = Products;
			sourceTree = "<group>";
		};
		29B97314FDCFA39411CA2CEA /* WellDone */ = {
			isa = PBXGroup;
			children = (
				42B57FBB10D157A400EF6391 /* ValueTransformer */,
				FABE3FE410C1A869000D72E9 /* ToodledoAPI.xcodeproj */,
				080E96DDFE201D6D7F000001 /* Classes */,
				FACCD7BF10A050B900A36C87 /* TestClasses */,
				29B97315FDCFA39411CA2CEA /* Other Sources */,
				29B97317FDCFA39411CA2CEA /* Resources */,
				29B97323FDCFA39411CA2CEA /* Frameworks */,
				19C28FACFE9D520D11CA2CBB /* Products */,
				4242098A10CFB7A000DB9F3F /* UnitTestCases-Info.plist */,
			);
			name = WellDone;
			sourceTree = "<group>";
		};
		29B97315FDCFA39411CA2CEA /* Other Sources */ = {
			isa = PBXGroup;
			children = (
				32CA4F630368D1EE00C91783 /* WellDone_Prefix.pch */,
				29B97316FDCFA39411CA2CEA /* main.m */,
			);
			name = "Other Sources";
			sourceTree = "<group>";
		};
		29B97317FDCFA39411CA2CEA /* Resources */ = {
			isa = PBXGroup;
			children = (
				FA48B85F10D4139E0032F1D8 /* ImageRes */,
				6FCE287210B6FE53002355CF /* TestDataGenerator.xib */,
				B4317EBB10B1544900C9841F /* SidebarTask.xib */,
				8D1107310486CEB800E47090 /* WellDone-Info.plist */,
				42262EB5109C8049005E4997 /* UnitTests-Info.plist */,
				089C165CFE840E0CC02AAC07 /* InfoPlist.strings */,
				2F7446970DB6B7EA00F9684A /* MainMenu.xib */,
				6FB162D910AD8CF200961A94 /* SimpleListView.xib */,
				6FB8A94510B0194E00B0F240 /* GTDListView.xib */,
				D1ED7EFE10B090020065D79B /* TaskEditor.xib */,
				42112E5910B6E5F100B19CC0 /* FolderView.xib */,
				D1F2E93010B8A3EC009D4B4B /* FolderManagement.xib */,
				D110F46910B8D72300304B4C /* TagManagement.xib */,
				D110F48410B8DA6800304B4C /* ContextManagement.xib */,
				6F22C18C10CBFEF600ABFE19 /* FolderSourceListView.xib */,
				FACF445110D2EC9300B0237A /* SyncPreferences.xib */,
			);
			name = Resources;
			sourceTree = "<group>";
		};
		29B97323FDCFA39411CA2CEA /* Frameworks */ = {
			isa = PBXGroup;
			children = (
				1058C7A0FEA54F0111CA2CBB /* Linked Frameworks */,
				1058C7A2FEA54F0111CA2CBB /* Other Frameworks */,
			);
			name = Frameworks;
			sourceTree = "<group>";
		};
		42B57FBB10D157A400EF6391 /* ValueTransformer */ = {
			isa = PBXGroup;
			children = (
				4263AABC10D1495200C5FD7B /* TaskValueTransformer.h */,
				4263AABD10D1495200C5FD7B /* TaskValueTransformer.m */,
			);
			name = ValueTransformer;
			sourceTree = "<group>";
		};
		6F5D249110AC5873002E9514 /* ViewController Classes */ = {
			isa = PBXGroup;
			children = (
				6FCE286E10B6FE42002355CF /* TestDataGeneratorController.h */,
				6FCE286F10B6FE42002355CF /* TestDataGeneratorController.m */,
				B41BE2A910B2FFC000B288EE /* SimpleListController.h */,
				B41BE2AA10B2FFC000B288EE /* SimpleListController.m */,
				6FB8A94010B0143F00B0F240 /* GTDListController.h */,
				6FB8A94110B0143F00B0F240 /* GTDListController.m */,
				B4317ED810B163F900C9841F /* SidebarTaskController.h */,
				B4317ED910B163F900C9841F /* SidebarTaskController.m */,
				D1F2E93710B8A838009D4B4B /* FolderManagementController.h */,
				D1F2E93810B8A838009D4B4B /* FolderManagementController.m */,
				D110F46F10B8D92600304B4C /* TagManagementController.h */,
				D110F47010B8D92600304B4C /* TagManagementController.m */,
				D110F48A10B8DBDB00304B4C /* ContextManagementController.h */,
				D110F48B10B8DBDB00304B4C /* ContextManagementController.m */,
				6F22C1E410CC044100ABFE19 /* SidebarFolderController.h */,
				6F22C1E510CC044100ABFE19 /* SidebarFolderController.m */,
			);
			name = "ViewController Classes";
			sourceTree = "<group>";
		};
		6F5D249210AC588D002E9514 /* View Classes */ = {
			isa = PBXGroup;
			children = (
				6F22C1B910CC01DD00ABFE19 /* SidebarFolderTreeView.h */,
				6F22C1B410CC01DD00ABFE19 /* SidebarFolderTreeView.m */,
				6F22C1B710CC01DD00ABFE19 /* SidebarBadgeCell.h */,
				6F22C1B510CC01DD00ABFE19 /* SidebarBadgeCell.m */,
				6F22C1B810CC01DD00ABFE19 /* SidebarFolderNode.h */,
				6F22C29D10CC1A2A00ABFE19 /* SidebarFolderNode.m */,
				6F2E521810B01F7B005B118B /* GTDListView.h */,
				6F2E521910B01F7B005B118B /* GTDListView.m */,
				B4E873FD10BAA52D004E1BA0 /* SimpleListOutlineView.h */,
				B4E873FE10BAA52D004E1BA0 /* SimpleListOutlineView.m */,
				6FAEAF3510BD66C0006F5394 /* PrioritySplitViewDelegate.h */,
				6FAEAF3610BD66C0006F5394 /* PrioritySplitViewDelegate.m */,
			);
			name = "View Classes";
			sourceTree = "<group>";
		};
		7756732906782D8800D1FEB8 /* Models */ = {
			isa = PBXGroup;
			children = (
				B4A9746510A78E2D00B06BBC /* WellDone.xcdatamodel */,
				FA90D3F010C4124D00309192 /* Folder.h */,
				FA90D3F110C4124D00309192 /* Folder.m */,
				FA90D3F210C4124D00309192 /* Note.h */,
				FA90D3F310C4124D00309192 /* Note.m */,
				FA90D3F410C4124D00309192 /* Tag.h */,
				FA90D3F510C4124D00309192 /* Tag.m */,
				FA90D3F610C4124D00309192 /* Task.h */,
				FA90D3F710C4124D00309192 /* Task.m */,
				FA90D3F810C4124D00309192 /* RemoteContext.h */,
				FA90D3F910C4124D00309192 /* RemoteContext.m */,
				FA90D4A210C41E8400309192 /* RemoteObject.h */,
				FA90D4A310C41E8400309192 /* RemoteObject.m */,
				FA90D3FA10C4124D00309192 /* RemoteTask.h */,
				FA90D3FB10C4124D00309192 /* RemoteTask.m */,
				FA90D3FE10C4124D00309192 /* RemoteNote.h */,
				FA90D3FF10C4124D00309192 /* RemoteNote.m */,
				FA90D40010C4124D00309192 /* RemoteFolder.h */,
				FA90D40110C4124D00309192 /* RemoteFolder.m */,
				FA90D40210C4124D00309192 /* Context.h */,
				FA90D40310C4124D00309192 /* Context.m */,
				FA48B62C10D3DEDB0032F1D8 /* SyncService.h */,
				FA48B62D10D3DEDC0032F1D8 /* SyncService.m */,
			);
			name = Models;
			sourceTree = "<group>";
		};
		D164971910D2E16F00DEB20A /* Custom Cells */ = {
			isa = PBXGroup;
			children = (
				D164971A10D2E17B00DEB20A /* DateCell.h */,
				D164971B10D2E17B00DEB20A /* DateCell.m */,
			);
			name = "Custom Cells";
			sourceTree = "<group>";
		};
		FA48B85F10D4139E0032F1D8 /* ImageRes */ = {
			isa = PBXGroup;
			children = (
				FA48B86010D4139E0032F1D8 /* SyncIcons */,
			);
			path = ImageRes;
			sourceTree = "<group>";
		};
		FA48B86010D4139E0032F1D8 /* SyncIcons */ = {
			isa = PBXGroup;
			children = (
				FA48B86110D4139E0032F1D8 /* syncservice.toodledo-objc.png */,
			);
			path = SyncIcons;
			sourceTree = "<group>";
		};
		FABE3F9210C1A323000D72E9 /* Logic Classes */ = {
			isa = PBXGroup;
			children = (
				FABE3F9310C1A33E000D72E9 /* SyncManager.h */,
				FABE3F9410C1A33E000D72E9 /* SyncManager.m */,
				FA48B62510D3DADF0032F1D8 /* SyncController.h */,
				FA48B62610D3DADF0032F1D8 /* SyncController.m */,
			);
			name = "Logic Classes";
			sourceTree = "<group>";
		};
		FABE3FE510C1A869000D72E9 /* Products */ = {
			isa = PBXGroup;
			children = (
				FABE3FEA10C1A869000D72E9 /* libToodledoAPI.a */,
				FA649BF510C30D790051F758 /* libToodledoAPIMac.a */,
				FABE3FEC10C1A869000D72E9 /* UnitTests.octest */,
				FA56E42310E51BC500228C43 /* liblibToodledoAPIiPhone.a */,
			);
			name = Products;
			sourceTree = "<group>";
		};
		FACCD7BF10A050B900A36C87 /* TestClasses */ = {
			isa = PBXGroup;
			children = (
				42262EC8109C818B005E4997 /* templateTestCases.h */,
				42262EC9109C818B005E4997 /* templateTestCases.m */,
				4263A72310D1179D00C5FD7B /* SimpleListControllerTestCases.m */,
			);
			name = TestClasses;
			sourceTree = "<group>";
		};
		FACF441C10D2EAD700B0237A /* Preferences Classes */ = {
			isa = PBXGroup;
			children = (
				FACF444910D2EB5700B0237A /* SS_PreferencePaneProtocol.h */,
				FACF444A10D2EB5700B0237A /* SS_PrefsController.h */,
				FACF444B10D2EB5700B0237A /* SS_PrefsController.m */,
				FACF445410D2ED0900B0237A /* SyncPreferences.h */,
				FACF445510D2ED0900B0237A /* SyncPreferences.m */,
			);
			name = "Preferences Classes";
			sourceTree = "<group>";
		};
/* End PBXGroup section */

/* Begin PBXNativeTarget section */
		4242098810CFB7A000DB9F3F /* UnitTestCases */ = {
			isa = PBXNativeTarget;
			buildConfigurationList = 4242098D10CFB7A000DB9F3F /* Build configuration list for PBXNativeTarget "UnitTestCases" */;
			buildPhases = (
				4242098410CFB7A000DB9F3F /* Resources */,
				4242098510CFB7A000DB9F3F /* Sources */,
				4242098610CFB7A000DB9F3F /* Frameworks */,
				4242098710CFB7A000DB9F3F /* ShellScript */,
			);
			buildRules = (
			);
			dependencies = (
			);
			name = UnitTestCases;
			productName = UnitTestCases;
			productReference = 4242098910CFB7A000DB9F3F /* UnitTestCases.octest */;
			productType = "com.apple.product-type.bundle";
		};
		8D1107260486CEB800E47090 /* WellDone */ = {
			isa = PBXNativeTarget;
			buildConfigurationList = 26FC0A840875C7B200E6366F /* Build configuration list for PBXNativeTarget "WellDone" */;
			buildPhases = (
				8D1107290486CEB800E47090 /* Resources */,
				8D11072C0486CEB800E47090 /* Sources */,
				8D11072E0486CEB800E47090 /* Frameworks */,
				6FAF89A310BD60F400478F02 /* CopyFiles */,
			);
			buildRules = (
			);
			dependencies = (
				FA649C2810C30E7F0051F758 /* PBXTargetDependency */,
			);
			name = WellDone;
			productInstallPath = "$(HOME)/Applications";
			productName = WellDone;
			productReference = 8D1107320486CEB800E47090 /* WellDone.app */;
			productType = "com.apple.product-type.application";
		};
/* End PBXNativeTarget section */

/* Begin PBXProject section */
		29B97313FDCFA39411CA2CEA /* Project object */ = {
			isa = PBXProject;
			buildConfigurationList = 26FC0A880875C7B200E6366F /* Build configuration list for PBXProject "WellDone" */;
			compatibilityVersion = "Xcode 3.1";
			hasScannedForEncodings = 1;
			mainGroup = 29B97314FDCFA39411CA2CEA /* WellDone */;
			projectDirPath = "";
			projectReferences = (
				{
					ProductGroup = FABE3FE510C1A869000D72E9 /* Products */;
					ProjectRef = FABE3FE410C1A869000D72E9 /* ToodledoAPI.xcodeproj */;
				},
			);
			projectRoot = "";
			targets = (
				8D1107260486CEB800E47090 /* WellDone */,
				4242098810CFB7A000DB9F3F /* UnitTestCases */,
			);
		};
/* End PBXProject section */

/* Begin PBXReferenceProxy section */
		FA56E42310E51BC500228C43 /* liblibToodledoAPIiPhone.a */ = {
			isa = PBXReferenceProxy;
			fileType = archive.ar;
			path = liblibToodledoAPIiPhone.a;
			remoteRef = FA56E42210E51BC500228C43 /* PBXContainerItemProxy */;
			sourceTree = BUILT_PRODUCTS_DIR;
		};
		FA649BF510C30D790051F758 /* libToodledoAPIMac.a */ = {
			isa = PBXReferenceProxy;
			fileType = archive.ar;
			path = libToodledoAPIMac.a;
			remoteRef = FA649BF410C30D790051F758 /* PBXContainerItemProxy */;
			sourceTree = BUILT_PRODUCTS_DIR;
		};
		FABE3FEA10C1A869000D72E9 /* libToodledoAPI.a */ = {
			isa = PBXReferenceProxy;
			fileType = archive.ar;
			path = libToodledoAPI.a;
			remoteRef = FABE3FE910C1A869000D72E9 /* PBXContainerItemProxy */;
			sourceTree = BUILT_PRODUCTS_DIR;
		};
		FABE3FEC10C1A869000D72E9 /* UnitTests.octest */ = {
			isa = PBXReferenceProxy;
			fileType = wrapper.cfbundle;
			path = UnitTests.octest;
			remoteRef = FABE3FEB10C1A869000D72E9 /* PBXContainerItemProxy */;
			sourceTree = BUILT_PRODUCTS_DIR;
		};
/* End PBXReferenceProxy section */

/* Begin PBXResourcesBuildPhase section */
		4242098410CFB7A000DB9F3F /* Resources */ = {
			isa = PBXResourcesBuildPhase;
			buildActionMask = 2147483647;
			files = (
			);
			runOnlyForDeploymentPostprocessing = 0;
		};
		8D1107290486CEB800E47090 /* Resources */ = {
			isa = PBXResourcesBuildPhase;
			buildActionMask = 2147483647;
			files = (
				8D11072B0486CEB800E47090 /* InfoPlist.strings in Resources */,
				2F7446990DB6B7EA00F9684A /* MainMenu.xib in Resources */,
				6FB162DB10AD8CF200961A94 /* SimpleListView.xib in Resources */,
				6FB8A94610B0194E00B0F240 /* GTDListView.xib in Resources */,
				D1ED7EFF10B090020065D79B /* TaskEditor.xib in Resources */,
				B4317EBC10B1544900C9841F /* SidebarTask.xib in Resources */,
				42112E5A10B6E5F100B19CC0 /* FolderView.xib in Resources */,
				6FCE287310B6FE53002355CF /* TestDataGenerator.xib in Resources */,
				D1F2E93110B8A3EC009D4B4B /* FolderManagement.xib in Resources */,
				D110F46A10B8D72300304B4C /* TagManagement.xib in Resources */,
				D110F48510B8DA6800304B4C /* ContextManagement.xib in Resources */,
				6F22C18E10CBFEF600ABFE19 /* FolderSourceListView.xib in Resources */,
				FACF445210D2EC9300B0237A /* SyncPreferences.xib in Resources */,
				FA48B86210D4139E0032F1D8 /* syncservice.toodledo-objc.png in Resources */,
			);
			runOnlyForDeploymentPostprocessing = 0;
		};
/* End PBXResourcesBuildPhase section */

/* Begin PBXShellScriptBuildPhase section */
		4242098710CFB7A000DB9F3F /* ShellScript */ = {
			isa = PBXShellScriptBuildPhase;
			buildActionMask = 2147483647;
			files = (
			);
			inputPaths = (
			);
			outputPaths = (
			);
			runOnlyForDeploymentPostprocessing = 0;
			shellPath = /bin/sh;
			shellScript = "# Run the unit tests in this test bundle.\n\"${SYSTEM_DEVELOPER_DIR}/Tools/RunUnitTests\"\n";
		};
/* End PBXShellScriptBuildPhase section */

/* Begin PBXSourcesBuildPhase section */
		4242098510CFB7A000DB9F3F /* Sources */ = {
			isa = PBXSourcesBuildPhase;
			buildActionMask = 2147483647;
			files = (
				424209B910CFB99800DB9F3F /* templateTestCases.m in Sources */,
				4263A72410D1179D00C5FD7B /* SimpleListControllerTestCases.m in Sources */,
			);
			runOnlyForDeploymentPostprocessing = 0;
		};
		8D11072C0486CEB800E47090 /* Sources */ = {
			isa = PBXSourcesBuildPhase;
			buildActionMask = 2147483647;
			files = (
				6F22C29E10CC1A2A00ABFE19 /* SidebarFolderNode.m in Sources */,
				6F22C1BA10CC01DD00ABFE19 /* SidebarFolderTreeView.m in Sources */,
				8D11072D0486CEB800E47090 /* main.m in Sources */,
				6F22C1BB10CC01DD00ABFE19 /* SidebarBadgeCell.m in Sources */,
				77C8280E06725ACE000B614F /* WellDone_AppDelegate.m in Sources */,
				B4A9746610A78E2D00B06BBC /* WellDone.xcdatamodel in Sources */,
				6FB8A94210B0143F00B0F240 /* GTDListController.m in Sources */,
				6F2E521B10B01F7B005B118B /* GTDListView.m in Sources */,
				B4317EDA10B163F900C9841F /* SidebarTaskController.m in Sources */,
				B41BE2AB10B2FFC000B288EE /* SimpleListController.m in Sources */,
				6FCE287010B6FE42002355CF /* TestDataGeneratorController.m in Sources */,
				D1F2E93910B8A838009D4B4B /* FolderManagementController.m in Sources */,
				D110F47110B8D92600304B4C /* TagManagementController.m in Sources */,
				D110F48C10B8DBDB00304B4C /* ContextManagementController.m in Sources */,
				B4E873FF10BAA52D004E1BA0 /* SimpleListOutlineView.m in Sources */,
				6FAEAF3710BD66C0006F5394 /* PrioritySplitViewDelegate.m in Sources */,
				FABE3F9510C1A33E000D72E9 /* SyncManager.m in Sources */,
				FA90D40410C4124D00309192 /* Folder.m in Sources */,
				FA90D40510C4124D00309192 /* Note.m in Sources */,
				FA90D40610C4124D00309192 /* Tag.m in Sources */,
				FA90D40710C4124D00309192 /* Task.m in Sources */,
				FA90D40810C4124D00309192 /* RemoteContext.m in Sources */,
				FA90D40910C4124D00309192 /* RemoteTask.m in Sources */,
				FA90D40B10C4124D00309192 /* RemoteNote.m in Sources */,
				FA90D40C10C4124D00309192 /* RemoteFolder.m in Sources */,
				FA90D40D10C4124D00309192 /* Context.m in Sources */,
				FA90D4A410C41E8400309192 /* RemoteObject.m in Sources */,
				6F22C1E710CC044100ABFE19 /* SidebarFolderController.m in Sources */,
				4263AABE10D1495200C5FD7B /* TaskValueTransformer.m in Sources */,
				D164971C10D2E17B00DEB20A /* DateCell.m in Sources */,
				FACF444C10D2EB5700B0237A /* SS_PrefsController.m in Sources */,
				FACF445610D2ED0900B0237A /* SyncPreferences.m in Sources */,
				FA48B62710D3DADF0032F1D8 /* SyncController.m in Sources */,
				FA48B62E10D3DEDC0032F1D8 /* SyncService.m in Sources */,
			);
			runOnlyForDeploymentPostprocessing = 0;
		};
/* End PBXSourcesBuildPhase section */

/* Begin PBXTargetDependency section */
		FA649C2810C30E7F0051F758 /* PBXTargetDependency */ = {
			isa = PBXTargetDependency;
			name = libToodledoAPIMac;
			targetProxy = FA649C2710C30E7F0051F758 /* PBXContainerItemProxy */;
		};
/* End PBXTargetDependency section */

/* Begin PBXVariantGroup section */
		089C165CFE840E0CC02AAC07 /* InfoPlist.strings */ = {
			isa = PBXVariantGroup;
			children = (
				089C165DFE840E0CC02AAC07 /* English */,
			);
			name = InfoPlist.strings;
			sourceTree = "<group>";
		};
		2F7446970DB6B7EA00F9684A /* MainMenu.xib */ = {
			isa = PBXVariantGroup;
			children = (
				2F7446980DB6B7EA00F9684A /* English */,
			);
			name = MainMenu.xib;
			sourceTree = "<group>";
		};
/* End PBXVariantGroup section */

/* Begin XCBuildConfiguration section */
		26FC0A850875C7B200E6366F /* Debug */ = {
			isa = XCBuildConfiguration;
			buildSettings = {
				ARCHS = "$(ARCHS_STANDARD_32_64_BIT)";
				COPY_PHASE_STRIP = NO;
				FRAMEWORK_SEARCH_PATHS = (
					"$(inherited)",
					"\"$(SRCROOT)\"",
					"\"$(DEVELOPER_FRAMEWORKS_DIR)\"",
				);
				GCC_DYNAMIC_NO_PIC = NO;
				GCC_ENABLE_FIX_AND_CONTINUE = YES;
				GCC_ENABLE_OBJC_EXCEPTIONS = YES;
				GCC_ENABLE_OBJC_GC = required;
				GCC_MODEL_TUNING = G5;
				GCC_OPTIMIZATION_LEVEL = 0;
				GCC_PRECOMPILE_PREFIX_HEADER = YES;
				GCC_PREFIX_HEADER = WellDone_Prefix.pch;
				HEADER_SEARCH_PATHS = "${PROJECT_DIR}/Extern/toodledo-objc/src/build/${BUILD_STYLE}/usr/local/include";
				INFOPLIST_FILE = "WellDone-Info.plist";
				INSTALL_PATH = "$(HOME)/Applications";
				PRODUCT_NAME = WellDone;
				WRAPPER_EXTENSION = app;
			};
			name = Debug;
		};
		26FC0A860875C7B200E6366F /* Release */ = {
			isa = XCBuildConfiguration;
			buildSettings = {
				DEBUG_INFORMATION_FORMAT = "dwarf-with-dsym";
				FRAMEWORK_SEARCH_PATHS = (
					"$(inherited)",
					"\"$(SRCROOT)\"",
					"\"$(DEVELOPER_FRAMEWORKS_DIR)\"",
				);
				GCC_ENABLE_OBJC_EXCEPTIONS = YES;
				GCC_MODEL_TUNING = G5;
				GCC_PRECOMPILE_PREFIX_HEADER = YES;
				GCC_PREFIX_HEADER = WellDone_Prefix.pch;
				HEADER_SEARCH_PATHS = "${PROJECT_DIR}/Extern/toodledo-objc/src/build/${BUILD_STYLE}/usr/local/include";
				INFOPLIST_FILE = "WellDone-Info.plist";
				INSTALL_PATH = "$(HOME)/Applications";
				PRODUCT_NAME = WellDone;
				WRAPPER_EXTENSION = app;
			};
			name = Release;
		};
		26FC0A890875C7B200E6366F /* Debug */ = {
			isa = XCBuildConfiguration;
			buildSettings = {
				ARCHS = "$(ARCHS_STANDARD_32_64_BIT)";
				GCC_C_LANGUAGE_STANDARD = gnu99;
				GCC_PREPROCESSOR_DEFINITIONS = "DEBUG=1";
				GCC_WARN_ABOUT_RETURN_TYPE = YES;
				GCC_WARN_UNUSED_VARIABLE = YES;
				ONLY_ACTIVE_ARCH = YES;
				PREBINDING = NO;
				SDKROOT = macosx10.5;
			};
			name = Debug;
		};
		26FC0A8A0875C7B200E6366F /* Release */ = {
			isa = XCBuildConfiguration;
			buildSettings = {
				ARCHS = "$(ARCHS_STANDARD_32_64_BIT)";
				GCC_C_LANGUAGE_STANDARD = gnu99;
				GCC_WARN_ABOUT_RETURN_TYPE = YES;
				GCC_WARN_UNUSED_VARIABLE = YES;
				PREBINDING = NO;
				SDKROOT = macosx10.5;
			};
			name = Release;
		};
		4242098B10CFB7A000DB9F3F /* Debug */ = {
			isa = XCBuildConfiguration;
			buildSettings = {
				ALWAYS_SEARCH_USER_PATHS = NO;
				COPY_PHASE_STRIP = NO;
				FRAMEWORK_SEARCH_PATHS = "$(DEVELOPER_LIBRARY_DIR)/Frameworks";
				GCC_DYNAMIC_NO_PIC = NO;
				GCC_ENABLE_FIX_AND_CONTINUE = NO;
				GCC_ENABLE_OBJC_EXCEPTIONS = YES;
				GCC_MODEL_TUNING = G5;
				GCC_OPTIMIZATION_LEVEL = 0;
				GCC_PRECOMPILE_PREFIX_HEADER = YES;
				GCC_PREFIX_HEADER = "$(SYSTEM_LIBRARY_DIR)/Frameworks/Cocoa.framework/Headers/Cocoa.h";
				INFOPLIST_FILE = "UnitTestCases-Info.plist";
				INSTALL_PATH = "$(USER_LIBRARY_DIR)/Bundles";
				OTHER_LDFLAGS = (
					"-framework",
					Cocoa,
					"-framework",
					SenTestingKit,
				);
				PREBINDING = NO;
				PRODUCT_NAME = UnitTestCases;
				WRAPPER_EXTENSION = octest;
			};
			name = Debug;
		};
		4242098C10CFB7A000DB9F3F /* Release */ = {
			isa = XCBuildConfiguration;
			buildSettings = {
				ALWAYS_SEARCH_USER_PATHS = NO;
				COPY_PHASE_STRIP = YES;
				DEBUG_INFORMATION_FORMAT = "dwarf-with-dsym";
				FRAMEWORK_SEARCH_PATHS = "$(DEVELOPER_LIBRARY_DIR)/Frameworks";
				GCC_ENABLE_FIX_AND_CONTINUE = NO;
				GCC_ENABLE_OBJC_EXCEPTIONS = YES;
				GCC_MODEL_TUNING = G5;
				GCC_PRECOMPILE_PREFIX_HEADER = YES;
				GCC_PREFIX_HEADER = "$(SYSTEM_LIBRARY_DIR)/Frameworks/Cocoa.framework/Headers/Cocoa.h";
				INFOPLIST_FILE = "UnitTestCases-Info.plist";
				INSTALL_PATH = "$(USER_LIBRARY_DIR)/Bundles";
				OTHER_LDFLAGS = (
					"-framework",
					Cocoa,
					"-framework",
					SenTestingKit,
				);
				PREBINDING = NO;
				PRODUCT_NAME = UnitTestCases;
				WRAPPER_EXTENSION = octest;
				ZERO_LINK = NO;
			};
			name = Release;
		};
/* End XCBuildConfiguration section */

/* Begin XCConfigurationList section */
		26FC0A840875C7B200E6366F /* Build configuration list for PBXNativeTarget "WellDone" */ = {
			isa = XCConfigurationList;
			buildConfigurations = (
				26FC0A850875C7B200E6366F /* Debug */,
				26FC0A860875C7B200E6366F /* Release */,
			);
			defaultConfigurationIsVisible = 0;
			defaultConfigurationName = Release;
		};
		26FC0A880875C7B200E6366F /* Build configuration list for PBXProject "WellDone" */ = {
			isa = XCConfigurationList;
			buildConfigurations = (
				26FC0A890875C7B200E6366F /* Debug */,
				26FC0A8A0875C7B200E6366F /* Release */,
			);
			defaultConfigurationIsVisible = 0;
			defaultConfigurationName = Release;
		};
		4242098D10CFB7A000DB9F3F /* Build configuration list for PBXNativeTarget "UnitTestCases" */ = {
			isa = XCConfigurationList;
			buildConfigurations = (
				4242098B10CFB7A000DB9F3F /* Debug */,
				4242098C10CFB7A000DB9F3F /* Release */,
			);
			defaultConfigurationIsVisible = 0;
			defaultConfigurationName = Release;
		};
/* End XCConfigurationList section */
	};
	rootObject = 29B97313FDCFA39411CA2CEA /* Project object */;
}
