// !$*UTF8*$!
{
	archiveVersion = 1;
	classes = {
	};
	objectVersion = 45;
	objects = {

/* Begin PBXBuildFile section */
		2F7446990DB6B7EA00F9684A /* MainMenu.xib in Resources */ = {isa = PBXBuildFile; fileRef = 2F7446970DB6B7EA00F9684A /* MainMenu.xib */; };
		42262ECA109C818B005E4997 /* templateTestCases.m in Sources */ = {isa = PBXBuildFile; fileRef = 42262EC9109C818B005E4997 /* templateTestCases.m */; };
		6F2E521A10B01F7B005B118B /* GTDListView.m in Sources */ = {isa = PBXBuildFile; fileRef = 6F2E521910B01F7B005B118B /* GTDListView.m */; };
		6F2E521B10B01F7B005B118B /* GTDListView.m in Sources */ = {isa = PBXBuildFile; fileRef = 6F2E521910B01F7B005B118B /* GTDListView.m */; };
		6FB162DA10AD8CF200961A94 /* SimpleListView.xib in Resources */ = {isa = PBXBuildFile; fileRef = 6FB162D910AD8CF200961A94 /* SimpleListView.xib */; };
		6FB162DB10AD8CF200961A94 /* SimpleListView.xib in Resources */ = {isa = PBXBuildFile; fileRef = 6FB162D910AD8CF200961A94 /* SimpleListView.xib */; };
		6FB8A94210B0143F00B0F240 /* GTDListController.m in Sources */ = {isa = PBXBuildFile; fileRef = 6FB8A94110B0143F00B0F240 /* GTDListController.m */; };
		6FB8A94310B0143F00B0F240 /* GTDListController.m in Sources */ = {isa = PBXBuildFile; fileRef = 6FB8A94110B0143F00B0F240 /* GTDListController.m */; };
		6FB8A94610B0194E00B0F240 /* GTDListView.xib in Resources */ = {isa = PBXBuildFile; fileRef = 6FB8A94510B0194E00B0F240 /* GTDListView.xib */; };
		6FB8A94710B0194E00B0F240 /* GTDListView.xib in Resources */ = {isa = PBXBuildFile; fileRef = 6FB8A94510B0194E00B0F240 /* GTDListView.xib */; };
		77C8280E06725ACE000B614F /* WellDone_AppDelegate.m in Sources */ = {isa = PBXBuildFile; fileRef = 77C8280C06725ACE000B614F /* WellDone_AppDelegate.m */; };
		8D11072B0486CEB800E47090 /* InfoPlist.strings in Resources */ = {isa = PBXBuildFile; fileRef = 089C165CFE840E0CC02AAC07 /* InfoPlist.strings */; };
		8D11072D0486CEB800E47090 /* main.m in Sources */ = {isa = PBXBuildFile; fileRef = 29B97316FDCFA39411CA2CEA /* main.m */; settings = {ATTRIBUTES = (); }; };
		8D11072F0486CEB800E47090 /* Cocoa.framework in Frameworks */ = {isa = PBXBuildFile; fileRef = 1058C7A1FEA54F0111CA2CBB /* Cocoa.framework */; };
		B41BE2AB10B2FFC000B288EE /* SimpleListController.m in Sources */ = {isa = PBXBuildFile; fileRef = B41BE2AA10B2FFC000B288EE /* SimpleListController.m */; };
		B4317EBC10B1544900C9841F /* SidebarTask.xib in Resources */ = {isa = PBXBuildFile; fileRef = B4317EBB10B1544900C9841F /* SidebarTask.xib */; };
		B4317EDA10B163F900C9841F /* SidebarTaskController.m in Sources */ = {isa = PBXBuildFile; fileRef = B4317ED910B163F900C9841F /* SidebarTaskController.m */; };
		B4A9746610A78E2D00B06BBC /* WellDone.xcdatamodel in Sources */ = {isa = PBXBuildFile; fileRef = B4A9746510A78E2D00B06BBC /* WellDone.xcdatamodel */; };
		D1ED7EFF10B090020065D79B /* TaskEditor.xib in Resources */ = {isa = PBXBuildFile; fileRef = D1ED7EFE10B090020065D79B /* TaskEditor.xib */; };
/* End PBXBuildFile section */

/* Begin PBXContainerItemProxy section */
		42262EBA109C804F005E4997 /* PBXContainerItemProxy */ = {
			isa = PBXContainerItemProxy;
			containerPortal = 29B97313FDCFA39411CA2CEA /* Project object */;
			proxyType = 1;
			remoteGlobalIDString = 8D1107260486CEB800E47090;
			remoteInfo = WellDone;
		};
/* End PBXContainerItemProxy section */

/* Begin PBXFileReference section */
		089C165DFE840E0CC02AAC07 /* English */ = {isa = PBXFileReference; fileEncoding = 10; lastKnownFileType = text.plist.strings; name = English; path = English.lproj/InfoPlist.strings; sourceTree = "<group>"; };
		1058C7A1FEA54F0111CA2CBB /* Cocoa.framework */ = {isa = PBXFileReference; lastKnownFileType = wrapper.framework; name = Cocoa.framework; path = /System/Library/Frameworks/Cocoa.framework; sourceTree = "<absolute>"; };
		29B97316FDCFA39411CA2CEA /* main.m */ = {isa = PBXFileReference; fileEncoding = 4; lastKnownFileType = sourcecode.c.objc; path = main.m; sourceTree = "<group>"; };
		29B97324FDCFA39411CA2CEA /* AppKit.framework */ = {isa = PBXFileReference; lastKnownFileType = wrapper.framework; name = AppKit.framework; path = /System/Library/Frameworks/AppKit.framework; sourceTree = "<absolute>"; };
		29B97325FDCFA39411CA2CEA /* Foundation.framework */ = {isa = PBXFileReference; lastKnownFileType = wrapper.framework; name = Foundation.framework; path = /System/Library/Frameworks/Foundation.framework; sourceTree = "<absolute>"; };
		2F7446980DB6B7EA00F9684A /* English */ = {isa = PBXFileReference; lastKnownFileType = file.xib; name = English; path = English.lproj/MainMenu.xib; sourceTree = "<group>"; };
		32CA4F630368D1EE00C91783 /* WellDone_Prefix.pch */ = {isa = PBXFileReference; fileEncoding = 4; lastKnownFileType = sourcecode.c.h; path = WellDone_Prefix.pch; sourceTree = "<group>"; };
		42262EB4109C8049005E4997 /* UnitTests.octest */ = {isa = PBXFileReference; explicitFileType = wrapper.cfbundle; includeInIndex = 0; path = UnitTests.octest; sourceTree = BUILT_PRODUCTS_DIR; };
		42262EB5109C8049005E4997 /* UnitTests-Info.plist */ = {isa = PBXFileReference; lastKnownFileType = text.plist.xml; path = "UnitTests-Info.plist"; sourceTree = "<group>"; };
		42262EC8109C818B005E4997 /* templateTestCases.h */ = {isa = PBXFileReference; fileEncoding = 4; lastKnownFileType = sourcecode.c.h; path = templateTestCases.h; sourceTree = "<group>"; };
		42262EC9109C818B005E4997 /* templateTestCases.m */ = {isa = PBXFileReference; fileEncoding = 4; lastKnownFileType = sourcecode.c.objc; path = templateTestCases.m; sourceTree = "<group>"; };
		6F2E521810B01F7B005B118B /* GTDListView.h */ = {isa = PBXFileReference; fileEncoding = 4; lastKnownFileType = sourcecode.c.h; path = GTDListView.h; sourceTree = "<group>"; };
		6F2E521910B01F7B005B118B /* GTDListView.m */ = {isa = PBXFileReference; fileEncoding = 4; lastKnownFileType = sourcecode.c.objc; path = GTDListView.m; sourceTree = "<group>"; };
		6FB162D910AD8CF200961A94 /* SimpleListView.xib */ = {isa = PBXFileReference; lastKnownFileType = file.xib; path = SimpleListView.xib; sourceTree = "<group>"; };
		6FB8A94010B0143F00B0F240 /* GTDListController.h */ = {isa = PBXFileReference; fileEncoding = 4; lastKnownFileType = sourcecode.c.h; path = GTDListController.h; sourceTree = "<group>"; };
		6FB8A94110B0143F00B0F240 /* GTDListController.m */ = {isa = PBXFileReference; fileEncoding = 4; lastKnownFileType = sourcecode.c.objc; path = GTDListController.m; sourceTree = "<group>"; };
		6FB8A94510B0194E00B0F240 /* GTDListView.xib */ = {isa = PBXFileReference; lastKnownFileType = file.xib; path = GTDListView.xib; sourceTree = "<group>"; };
		77C82804067257F0000B614F /* CoreData.framework */ = {isa = PBXFileReference; lastKnownFileType = wrapper.framework; name = CoreData.framework; path = /System/Library/Frameworks/CoreData.framework; sourceTree = "<absolute>"; };
		77C8280B06725ACE000B614F /* WellDone_AppDelegate.h */ = {isa = PBXFileReference; fileEncoding = 4; lastKnownFileType = sourcecode.c.h; path = WellDone_AppDelegate.h; sourceTree = "<group>"; };
		77C8280C06725ACE000B614F /* WellDone_AppDelegate.m */ = {isa = PBXFileReference; fileEncoding = 4; lastKnownFileType = sourcecode.c.objc; path = WellDone_AppDelegate.m; sourceTree = "<group>"; };
		8D1107310486CEB800E47090 /* WellDone-Info.plist */ = {isa = PBXFileReference; explicitFileType = text.plist.xml; fileEncoding = 4; path = "WellDone-Info.plist"; sourceTree = "<group>"; };
		8D1107320486CEB800E47090 /* WellDone.app */ = {isa = PBXFileReference; explicitFileType = wrapper.application; includeInIndex = 0; path = WellDone.app; sourceTree = BUILT_PRODUCTS_DIR; };
		B41BE2A910B2FFC000B288EE /* SimpleListController.h */ = {isa = PBXFileReference; fileEncoding = 4; lastKnownFileType = sourcecode.c.h; path = SimpleListController.h; sourceTree = "<group>"; };
		B41BE2AA10B2FFC000B288EE /* SimpleListController.m */ = {isa = PBXFileReference; fileEncoding = 4; lastKnownFileType = sourcecode.c.objc; path = SimpleListController.m; sourceTree = "<group>"; };
		B4317EBB10B1544900C9841F /* SidebarTask.xib */ = {isa = PBXFileReference; lastKnownFileType = file.xib; path = SidebarTask.xib; sourceTree = "<group>"; };
		B4317ED810B163F900C9841F /* SidebarTaskController.h */ = {isa = PBXFileReference; fileEncoding = 4; lastKnownFileType = sourcecode.c.h; path = SidebarTaskController.h; sourceTree = "<group>"; };
		B4317ED910B163F900C9841F /* SidebarTaskController.m */ = {isa = PBXFileReference; fileEncoding = 4; lastKnownFileType = sourcecode.c.objc; path = SidebarTaskController.m; sourceTree = "<group>"; };
		B4A9746510A78E2D00B06BBC /* WellDone.xcdatamodel */ = {isa = PBXFileReference; fileEncoding = 4; lastKnownFileType = wrapper.xcdatamodel; path = WellDone.xcdatamodel; sourceTree = "<group>"; };
		D1ED7EFE10B090020065D79B /* TaskEditor.xib */ = {isa = PBXFileReference; lastKnownFileType = file.xib; path = TaskEditor.xib; sourceTree = "<group>"; };
/* End PBXFileReference section */

/* Begin PBXFrameworksBuildPhase section */
		42262EB1109C8049005E4997 /* Frameworks */ = {
			isa = PBXFrameworksBuildPhase;
			buildActionMask = 2147483647;
			files = (
			);
			runOnlyForDeploymentPostprocessing = 0;
		};
		8D11072E0486CEB800E47090 /* Frameworks */ = {
			isa = PBXFrameworksBuildPhase;
			buildActionMask = 2147483647;
			files = (
				8D11072F0486CEB800E47090 /* Cocoa.framework in Frameworks */,
			);
			runOnlyForDeploymentPostprocessing = 0;
		};
/* End PBXFrameworksBuildPhase section */

/* Begin PBXGroup section */
		080E96DDFE201D6D7F000001 /* Classes */ = {
			isa = PBXGroup;
			children = (
				77C8280B06725ACE000B614F /* WellDone_AppDelegate.h */,
				77C8280C06725ACE000B614F /* WellDone_AppDelegate.m */,
				6F5D249210AC588D002E9514 /* View Classes */,
				6F5D249110AC5873002E9514 /* ViewController Classes */,
				7756732906782D8800D1FEB8 /* Models */,
			);
			name = Classes;
			sourceTree = "<group>";
		};
		1058C7A0FEA54F0111CA2CBB /* Linked Frameworks */ = {
			isa = PBXGroup;
			children = (
				1058C7A1FEA54F0111CA2CBB /* Cocoa.framework */,
			);
			name = "Linked Frameworks";
			sourceTree = "<group>";
		};
		1058C7A2FEA54F0111CA2CBB /* Other Frameworks */ = {
			isa = PBXGroup;
			children = (
				77C82804067257F0000B614F /* CoreData.framework */,
				29B97325FDCFA39411CA2CEA /* Foundation.framework */,
				29B97324FDCFA39411CA2CEA /* AppKit.framework */,
			);
			name = "Other Frameworks";
			sourceTree = "<group>";
		};
		19C28FACFE9D520D11CA2CBB /* Products */ = {
			isa = PBXGroup;
			children = (
				8D1107320486CEB800E47090 /* WellDone.app */,
				42262EB4109C8049005E4997 /* UnitTests.octest */,
			);
			name = Products;
			sourceTree = "<group>";
		};
		29B97314FDCFA39411CA2CEA /* WellDone */ = {
			isa = PBXGroup;
			children = (
				080E96DDFE201D6D7F000001 /* Classes */,
				FACCD7BF10A050B900A36C87 /* TestClasses */,
				29B97315FDCFA39411CA2CEA /* Other Sources */,
				29B97317FDCFA39411CA2CEA /* Resources */,
				29B97323FDCFA39411CA2CEA /* Frameworks */,
				19C28FACFE9D520D11CA2CBB /* Products */,
			);
			name = WellDone;
			sourceTree = "<group>";
		};
		29B97315FDCFA39411CA2CEA /* Other Sources */ = {
			isa = PBXGroup;
			children = (
				32CA4F630368D1EE00C91783 /* WellDone_Prefix.pch */,
				29B97316FDCFA39411CA2CEA /* main.m */,
			);
			name = "Other Sources";
			sourceTree = "<group>";
		};
		29B97317FDCFA39411CA2CEA /* Resources */ = {
			isa = PBXGroup;
			children = (
				B4317EBB10B1544900C9841F /* SidebarTask.xib */,
				8D1107310486CEB800E47090 /* WellDone-Info.plist */,
				42262EB5109C8049005E4997 /* UnitTests-Info.plist */,
				089C165CFE840E0CC02AAC07 /* InfoPlist.strings */,
				2F7446970DB6B7EA00F9684A /* MainMenu.xib */,
				6FB162D910AD8CF200961A94 /* SimpleListView.xib */,
				6FB8A94510B0194E00B0F240 /* GTDListView.xib */,
				D1ED7EFE10B090020065D79B /* TaskEditor.xib */,
			);
			name = Resources;
			sourceTree = "<group>";
		};
		29B97323FDCFA39411CA2CEA /* Frameworks */ = {
			isa = PBXGroup;
			children = (
				1058C7A0FEA54F0111CA2CBB /* Linked Frameworks */,
				1058C7A2FEA54F0111CA2CBB /* Other Frameworks */,
			);
			name = Frameworks;
			sourceTree = "<group>";
		};
		6F5D249110AC5873002E9514 /* ViewController Classes */ = {
			isa = PBXGroup;
			children = (
				B41BE2A910B2FFC000B288EE /* SimpleListController.h */,
				B41BE2AA10B2FFC000B288EE /* SimpleListController.m */,
				6FB8A94010B0143F00B0F240 /* GTDListController.h */,
				6FB8A94110B0143F00B0F240 /* GTDListController.m */,
				B4317ED810B163F900C9841F /* SidebarTaskController.h */,
				B4317ED910B163F900C9841F /* SidebarTaskController.m */,
			);
			name = "ViewController Classes";
			sourceTree = "<group>";
		};
		6F5D249210AC588D002E9514 /* View Classes */ = {
			isa = PBXGroup;
			children = (
				6F2E521810B01F7B005B118B /* GTDListView.h */,
				6F2E521910B01F7B005B118B /* GTDListView.m */,
			);
			name = "View Classes";
			sourceTree = "<group>";
		};
		7756732906782D8800D1FEB8 /* Models */ = {
			isa = PBXGroup;
			children = (
				B4A9746510A78E2D00B06BBC /* WellDone.xcdatamodel */,
			);
			name = Models;
			sourceTree = "<group>";
		};
		FACCD7BF10A050B900A36C87 /* TestClasses */ = {
			isa = PBXGroup;
			children = (
				42262EC8109C818B005E4997 /* templateTestCases.h */,
				42262EC9109C818B005E4997 /* templateTestCases.m */,
			);
			name = TestClasses;
			sourceTree = "<group>";
		};
/* End PBXGroup section */

/* Begin PBXNativeTarget section */
		42262EB3109C8049005E4997 /* UnitTests */ = {
			isa = PBXNativeTarget;
			buildConfigurationList = 42262EB9109C8049005E4997 /* Build configuration list for PBXNativeTarget "UnitTests" */;
			buildPhases = (
				42262EAF109C8049005E4997 /* Resources */,
				42262EB0109C8049005E4997 /* Sources */,
				42262EB1109C8049005E4997 /* Frameworks */,
				42262EB2109C8049005E4997 /* ShellScript */,
			);
			buildRules = (
			);
			dependencies = (
				42262EBB109C804F005E4997 /* PBXTargetDependency */,
			);
			name = UnitTests;
			productName = UnitTests;
			productReference = 42262EB4109C8049005E4997 /* UnitTests.octest */;
			productType = "com.apple.product-type.bundle";
		};
		8D1107260486CEB800E47090 /* WellDone */ = {
			isa = PBXNativeTarget;
			buildConfigurationList = 26FC0A840875C7B200E6366F /* Build configuration list for PBXNativeTarget "WellDone" */;
			buildPhases = (
				8D1107290486CEB800E47090 /* Resources */,
				8D11072C0486CEB800E47090 /* Sources */,
				8D11072E0486CEB800E47090 /* Frameworks */,
			);
			buildRules = (
			);
			dependencies = (
			);
			name = WellDone;
			productInstallPath = "$(HOME)/Applications";
			productName = WellDone;
			productReference = 8D1107320486CEB800E47090 /* WellDone.app */;
			productType = "com.apple.product-type.application";
		};
/* End PBXNativeTarget section */

/* Begin PBXProject section */
		29B97313FDCFA39411CA2CEA /* Project object */ = {
			isa = PBXProject;
			buildConfigurationList = 26FC0A880875C7B200E6366F /* Build configuration list for PBXProject "WellDone" */;
			compatibilityVersion = "Xcode 3.1";
			hasScannedForEncodings = 1;
			mainGroup = 29B97314FDCFA39411CA2CEA /* WellDone */;
			projectDirPath = "";
			projectRoot = "";
			targets = (
				8D1107260486CEB800E47090 /* WellDone */,
				42262EB3109C8049005E4997 /* UnitTests */,
			);
		};
/* End PBXProject section */

/* Begin PBXResourcesBuildPhase section */
		42262EAF109C8049005E4997 /* Resources */ = {
			isa = PBXResourcesBuildPhase;
			buildActionMask = 2147483647;
			files = (
				6FB162DA10AD8CF200961A94 /* SimpleListView.xib in Resources */,
				6FB8A94710B0194E00B0F240 /* GTDListView.xib in Resources */,
			);
			runOnlyForDeploymentPostprocessing = 0;
		};
		8D1107290486CEB800E47090 /* Resources */ = {
			isa = PBXResourcesBuildPhase;
			buildActionMask = 2147483647;
			files = (
				8D11072B0486CEB800E47090 /* InfoPlist.strings in Resources */,
				2F7446990DB6B7EA00F9684A /* MainMenu.xib in Resources */,
				6FB162DB10AD8CF200961A94 /* SimpleListView.xib in Resources */,
				6FB8A94610B0194E00B0F240 /* GTDListView.xib in Resources */,
				D1ED7EFF10B090020065D79B /* TaskEditor.xib in Resources */,
				B4317EBC10B1544900C9841F /* SidebarTask.xib in Resources */,
			);
			runOnlyForDeploymentPostprocessing = 0;
		};
/* End PBXResourcesBuildPhase section */

/* Begin PBXShellScriptBuildPhase section */
		42262EB2109C8049005E4997 /* ShellScript */ = {
			isa = PBXShellScriptBuildPhase;
			buildActionMask = 2147483647;
			files = (
			);
			inputPaths = (
			);
			outputPaths = (
			);
			runOnlyForDeploymentPostprocessing = 0;
			shellPath = /bin/sh;
			shellScript = "# Run the unit tests in this test bundle.\n\"${SYSTEM_DEVELOPER_DIR}/Tools/RunUnitTests\"\n";
		};
/* End PBXShellScriptBuildPhase section */

/* Begin PBXSourcesBuildPhase section */
		42262EB0109C8049005E4997 /* Sources */ = {
			isa = PBXSourcesBuildPhase;
			buildActionMask = 2147483647;
			files = (
				42262ECA109C818B005E4997 /* templateTestCases.m in Sources */,
				6FB8A94310B0143F00B0F240 /* GTDListController.m in Sources */,
				6F2E521A10B01F7B005B118B /* GTDListView.m in Sources */,
			);
			runOnlyForDeploymentPostprocessing = 0;
		};
		8D11072C0486CEB800E47090 /* Sources */ = {
			isa = PBXSourcesBuildPhase;
			buildActionMask = 2147483647;
			files = (
				8D11072D0486CEB800E47090 /* main.m in Sources */,
				77C8280E06725ACE000B614F /* WellDone_AppDelegate.m in Sources */,
				B4A9746610A78E2D00B06BBC /* WellDone.xcdatamodel in Sources */,
				6FB8A94210B0143F00B0F240 /* GTDListController.m in Sources */,
				6F2E521B10B01F7B005B118B /* GTDListView.m in Sources */,
				B4317EDA10B163F900C9841F /* SidebarTaskController.m in Sources */,
				B41BE2AB10B2FFC000B288EE /* SimpleListController.m in Sources */,
			);
			runOnlyForDeploymentPostprocessing = 0;
		};
/* End PBXSourcesBuildPhase section */

/* Begin PBXTargetDependency section */
		42262EBB109C804F005E4997 /* PBXTargetDependency */ = {
			isa = PBXTargetDependency;
			target = 8D1107260486CEB800E47090 /* WellDone */;
			targetProxy = 42262EBA109C804F005E4997 /* PBXContainerItemProxy */;
		};
/* End PBXTargetDependency section */

/* Begin PBXVariantGroup section */
		089C165CFE840E0CC02AAC07 /* InfoPlist.strings */ = {
			isa = PBXVariantGroup;
			children = (
				089C165DFE840E0CC02AAC07 /* English */,
			);
			name = InfoPlist.strings;
			sourceTree = "<group>";
		};
		2F7446970DB6B7EA00F9684A /* MainMenu.xib */ = {
			isa = PBXVariantGroup;
			children = (
				2F7446980DB6B7EA00F9684A /* English */,
			);
			name = MainMenu.xib;
			sourceTree = "<group>";
		};
/* End PBXVariantGroup section */

/* Begin XCBuildConfiguration section */
		26FC0A850875C7B200E6366F /* Debug */ = {
			isa = XCBuildConfiguration;
			buildSettings = {
				ARCHS = "$(ARCHS_STANDARD_32_64_BIT)";
				COPY_PHASE_STRIP = NO;
				GCC_DYNAMIC_NO_PIC = NO;
				GCC_ENABLE_FIX_AND_CONTINUE = YES;
				GCC_ENABLE_OBJC_EXCEPTIONS = YES;
				GCC_MODEL_TUNING = G5;
				GCC_OPTIMIZATION_LEVEL = 0;
				GCC_PRECOMPILE_PREFIX_HEADER = YES;
				GCC_PREFIX_HEADER = WellDone_Prefix.pch;
				INFOPLIST_FILE = "WellDone-Info.plist";
				INSTALL_PATH = "$(HOME)/Applications";
				PRODUCT_NAME = WellDone;
				WRAPPER_EXTENSION = app;
			};
			name = Debug;
		};
		26FC0A860875C7B200E6366F /* Release */ = {
			isa = XCBuildConfiguration;
			buildSettings = {
				DEBUG_INFORMATION_FORMAT = "dwarf-with-dsym";
				GCC_ENABLE_OBJC_EXCEPTIONS = YES;
				GCC_MODEL_TUNING = G5;
				GCC_PRECOMPILE_PREFIX_HEADER = YES;
				GCC_PREFIX_HEADER = WellDone_Prefix.pch;
				INFOPLIST_FILE = "WellDone-Info.plist";
				INSTALL_PATH = "$(HOME)/Applications";
				PRODUCT_NAME = WellDone;
				WRAPPER_EXTENSION = app;
			};
			name = Release;
		};
		26FC0A890875C7B200E6366F /* Debug */ = {
			isa = XCBuildConfiguration;
			buildSettings = {
				ARCHS = "$(ARCHS_STANDARD_32_64_BIT)";
				GCC_C_LANGUAGE_STANDARD = gnu99;
				GCC_PREPROCESSOR_DEFINITIONS = "DEBUG=1";
				GCC_WARN_ABOUT_RETURN_TYPE = YES;
				GCC_WARN_UNUSED_VARIABLE = YES;
				ONLY_ACTIVE_ARCH = YES;
				PREBINDING = NO;
				SDKROOT = macosx10.5;
			};
			name = Debug;
		};
		26FC0A8A0875C7B200E6366F /* Release */ = {
			isa = XCBuildConfiguration;
			buildSettings = {
				ARCHS = "$(ARCHS_STANDARD_32_64_BIT)";
				GCC_C_LANGUAGE_STANDARD = gnu99;
				GCC_WARN_ABOUT_RETURN_TYPE = YES;
				GCC_WARN_UNUSED_VARIABLE = YES;
				PREBINDING = NO;
				SDKROOT = macosx10.5;
			};
			name = Release;
		};
		42262EB7109C8049005E4997 /* Debug */ = {
			isa = XCBuildConfiguration;
			buildSettings = {
				ALWAYS_SEARCH_USER_PATHS = NO;
				BUNDLE_LOADER = "$(BUILT_PRODUCTS_DIR)/WellDone.app/Contents/MacOS/WellDone";
				COPY_PHASE_STRIP = NO;
				FRAMEWORK_SEARCH_PATHS = "$(DEVELOPER_LIBRARY_DIR)/Frameworks";
				GCC_DYNAMIC_NO_PIC = NO;
				GCC_ENABLE_FIX_AND_CONTINUE = NO;
				GCC_ENABLE_OBJC_EXCEPTIONS = YES;
				GCC_MODEL_TUNING = G5;
				GCC_OPTIMIZATION_LEVEL = 0;
				GCC_PRECOMPILE_PREFIX_HEADER = YES;
				GCC_PREFIX_HEADER = "$(SYSTEM_LIBRARY_DIR)/Frameworks/Cocoa.framework/Headers/Cocoa.h";
				INFOPLIST_FILE = "UnitTests-Info.plist";
				INSTALL_PATH = "$(USER_LIBRARY_DIR)/Bundles";
				OTHER_LDFLAGS = (
					"-framework",
					Cocoa,
					"-framework",
					SenTestingKit,
				);
				PREBINDING = NO;
				PRODUCT_NAME = UnitTests;
				TEST_HOST = "$(BUILT_PRODUCTS_DIR)/WellDone.app/Contents/MacOS/WellDone";
				WRAPPER_EXTENSION = octest;
			};
			name = Debug;
		};
		42262EB8109C8049005E4997 /* Release */ = {
			isa = XCBuildConfiguration;
			buildSettings = {
				ALWAYS_SEARCH_USER_PATHS = NO;
				COPY_PHASE_STRIP = YES;
				DEBUG_INFORMATION_FORMAT = "dwarf-with-dsym";
				FRAMEWORK_SEARCH_PATHS = "$(DEVELOPER_LIBRARY_DIR)/Frameworks";
				GCC_ENABLE_FIX_AND_CONTINUE = NO;
				GCC_ENABLE_OBJC_EXCEPTIONS = YES;
				GCC_MODEL_TUNING = G5;
				GCC_PRECOMPILE_PREFIX_HEADER = YES;
				GCC_PREFIX_HEADER = "$(SYSTEM_LIBRARY_DIR)/Frameworks/Cocoa.framework/Headers/Cocoa.h";
				INFOPLIST_FILE = "UnitTests-Info.plist";
				INSTALL_PATH = "$(USER_LIBRARY_DIR)/Bundles";
				OTHER_LDFLAGS = (
					"-framework",
					Cocoa,
					"-framework",
					SenTestingKit,
				);
				PREBINDING = NO;
				PRODUCT_NAME = UnitTests;
				WRAPPER_EXTENSION = octest;
				ZERO_LINK = NO;
			};
			name = Release;
		};
/* End XCBuildConfiguration section */

/* Begin XCConfigurationList section */
		26FC0A840875C7B200E6366F /* Build configuration list for PBXNativeTarget "WellDone" */ = {
			isa = XCConfigurationList;
			buildConfigurations = (
				26FC0A850875C7B200E6366F /* Debug */,
				26FC0A860875C7B200E6366F /* Release */,
			);
			defaultConfigurationIsVisible = 0;
			defaultConfigurationName = Release;
		};
		26FC0A880875C7B200E6366F /* Build configuration list for PBXProject "WellDone" */ = {
			isa = XCConfigurationList;
			buildConfigurations = (
				26FC0A890875C7B200E6366F /* Debug */,
				26FC0A8A0875C7B200E6366F /* Release */,
			);
			defaultConfigurationIsVisible = 0;
			defaultConfigurationName = Release;
		};
		42262EB9109C8049005E4997 /* Build configuration list for PBXNativeTarget "UnitTests" */ = {
			isa = XCConfigurationList;
			buildConfigurations = (
				42262EB7109C8049005E4997 /* Debug */,
				42262EB8109C8049005E4997 /* Release */,
			);
			defaultConfigurationIsVisible = 0;
			defaultConfigurationName = Release;
		};
/* End XCConfigurationList section */
	};
	rootObject = 29B97313FDCFA39411CA2CEA /* Project object */;
}
